github.com/clipperhouse/uax29/v2 v2.2.0 h1:ChwIKnQN3kcZteTXMgb1wztSgaU+ZemkgWdohwgs8tY=
github.com/clipperhouse/uax29/v2 v2.2.0/go.mod h1:EFJ2TJMRUaplDxHKj1qAEhCtQPW2tJSwu5BF98AuoVM=
github.com/cosmos72/gomacro v0.0.0-20260901205243-0df6c0cd20af h1:pbvH6QadaLlvIeQAx5kNhox5zD1Za7NUAxUQZDDL7EI=
github.com/cosmos72/gomacro v0.0.0-20260901205243-0df6c0cd20af/go.mod h1:nQxE1t3FutRRUHkqqMqW4dgxI5hUrY1f2VPW8TDyulc=
github.com/go-zeromq/goczmq/v4 v4.2.2 h1:HAJN+i+3NW55ijMJJhk7oWxHKXgAuSBkoFfvr8bYj4U=
github.com/go-zeromq/goczmq/v4 v4.2.2/go.mod h1:Sm/lxrfxP/Oxqs0tnHD6WAhwkWrx+S+1MRrKzcxoaYE=
github.com/go-zeromq/zmq4 v0.17.0 h1:r12/XdqPeRbuaF4C3QZJeWCt7a5vpJbslDH1rTXF+Kc=
github.com/go-zeromq/zmq4 v0.17.0/go.mod h1:EQxjJD92qKnrsVMzAnx62giD6uJIPi1dMGZ781iCDtY=
github.com/gofrs/uuid/v5 v5.4.0 h1:EfbpCTjqMuGyq5ZJwxqzn3Cbr2d0rUZU7v5ycAk/e/0=
github.com/gofrs/uuid/v5 v5.4.0/go.mod h1:CDOjlDMVAtN56jqyRUZh58JT31Tiw7/oQyEXZV+9bD8=
github.com/google/go-cmp v0.6.0 h1:ofyhxvXcZhMsU5ulbFiLKl/XBFqE1GSq7atu8tAmTRI=
github.com/google/go-cmp v0.6.0/go.mod h1:17dUlkBOakJ0+DkrSSNjCkIjxS6bF9zb3elmeNGIjoY=
github.com/mattn/go-runewidth v0.0.3/go.mod h1:LwmH8dsx7+W8Uxz3IHJYH5QSwggIsqBzpuz5H//U1FU=
github.com/mattn/go-runewidth v0.0.28 h1:rPyg2ybwEKPebvpzVWe1gKBkH8EQFkxO4Y0hjBeLaBU=
github.com/mattn/go-runewidth v0.0.28/go.mod h1:3qAiGCV4Koz/yuveO58qUefmUTRm8r0IGEXZ9jeHp/8=
github.com/peterh/liner v1.2.2 h1:aJ4AOodmL+JxOZZEL2u9iJf8omNRpqHc/EbrK+3mAXw=
github.com/peterh/liner v1.2.2/go.mod h1:xFwJyiKIXJZUKItq5dGHZSTBRAuG/CpeNpWLyiNRNwI=
golang.org/x/mod v0.27.0 h1:kb+q2PyFnEADO2IEF935ehFUXlWiNjJWtRNgBLSfbxQ=
golang.org/x/mod v0.27.0/go.mod h1:rWI627Fq0DEoudcK+MBkNkCe0EetEaDSwJJkCcjpazc=
golang.org/x/sync v0.16.0 h1:ycBJEhp9p4vXvUZNszeOq0kGTPghopOL8q0fq3vstxw=
golang.org/x/sync v0.16.0/go.mod h1:1dzgHSNfp02xaA81J2MS99Qcpr2w7fw1gpm99rleRqA=
golang.org/x/sys v0.0.0-20211117180635-dee7805ff2e1/go.mod h1:oPkhp1MJrh7nUepCBck5+mAzfO9JrbApNNgaTdGDITg=
golang.org/x/sys v0.35.0 h1:vz1N37gP5bs89s7He8XuIYXpyY0+QlsKmzipCbUtyxI=
golang.org/x/sys v0.35.0/go.mod h1:BJP2sWEmIv4KK5OTEluFJCKSidICx8ciO85XgH3Ak8k=
golang.org/x/text v0.15.0 h1:h1V/4gjBv8v9cjcR6+AR5+/cIYK5N/WAgiv4xlsEtAk=
golang.org/x/text v0.15.0/go.mod h1:18ZOQIKpY8NJVqYksKHtTdi31H5itFRjB5/qKTNYzSU=
golang.org/x/tools v0.36.0 h1:kWS0uv/zsvHEle1LbV5LE8QujrxB3wfQyxHfhOk0Qkg=
golang.org/x/tools v0.36.0/go.mod h1:WBDiHKJK8YgLHlcQPYQzNCkUxUypCaa5ZegCVutKm+s=
