# This file is autogenerated, do not edit; changes may be undone by the next 'dep ensure'.


[[projects]]
  branch = "master"
  name = "github.com/cosmos72/gomacro"
  packages = ["ast2","base","classic","fast","imports","parser","scanner","token","typeutil","xreflect"]
  revision = "b90dd5143957e920ac0ce87f9a3277bbc3ce1641"

[[projects]]
  branch = "master"
  name = "github.com/nu7hatch/gouuid"
  packages = ["."]
  revision = "179d4d0c4d8d407a32af483c2354df1d2c91e6c3"

[[projects]]
  branch = "master"
  name = "github.com/pebbe/zmq4"
  packages = ["."]
  revision = "90d69e412a09549f2e90bac70fbb449081f1e5c1"

[[projects]]
  branch = "master"
  name = "golang.org/x/sync"
  packages = ["syncmap"]
  revision = "f52d1811a62927559de87708c8913c1650ce4f26"

[solve-meta]
  analyzer-name = "dep"
  analyzer-version = 1
  inputs-digest = "fa5d7d9ec51b9210ed3ca68de1105ddbbc070a941c737b3955518eaee951d10c"
  solver-name = "gps-cdcl"
  solver-version = 1
