# This file is autogenerated, do not edit; changes may be undone by the next 'dep ensure'.


[[projects]]
  branch = "stable"
  name = "github.com/cosmos72/gomacro"
  packages = [
    "ast2",
    "atomic",
    "base",
    "base/dep",
    "base/untyped",
    "fast",
    "gls",
    "imports",
    "imports/syscall",
    "imports/thirdparty",
    "parser",
    "scanner",
    "token",
    "typeutil",
    "xreflect"
  ]
  revision = "515faf9893ffc98ff66aab992cefbd8065aab308"

[[projects]]
  name = "github.com/mattn/go-runewidth"
  packages = ["."]
  revision = "9e777a8366cce605130a531d2cd6363d07ad7317"
  version = "v0.0.2"

[[projects]]
  branch = "master"
  name = "github.com/pebbe/zmq4"
  packages = ["."]
  revision = "90d69e412a09549f2e90bac70fbb449081f1e5c1"

[[projects]]
  branch = "master"
  name = "github.com/peterh/liner"
  packages = ["."]
  revision = "80ce870644db1b043e8dc2cf836bde5c347e2701"

[[projects]]
  branch = "master"
  name = "github.com/satori/go.uuid"
  packages = ["."]
  revision = "36e9d2ebbde5e3f13ab2e25625fd453271d6522e"

[solve-meta]
  analyzer-name = "dep"
  analyzer-version = 1
  inputs-digest = "5c1eb9af5482e159ee019ac0c87aaf5d16822f45a866946aefea60eb0a29c157"
  solver-name = "gps-cdcl"
  solver-version = 1
