# This file is autogenerated, do not edit; changes may be undone by the next 'dep ensure'.


[[projects]]
  branch = "master"
  name = "github.com/cosmos72/gomacro"
  packages = [
    "ast2",
    "atomic",
    "base",
    "base/dep",
    "base/untyped",
    "fast",
    "gls",
    "imports",
    "imports/syscall",
    "imports/thirdparty",
    "parser",
    "scanner",
    "token",
    "typeutil",
    "xreflect"
  ]
  revision = "5800d8430f0f35fe69ef1f684b775a330d240982"

[[projects]]
  name = "github.com/mattn/go-runewidth"
  packages = ["."]
  revision = "9e777a8366cce605130a531d2cd6363d07ad7317"
  version = "v0.0.2"

[[projects]]
  branch = "master"
  name = "github.com/nu7hatch/gouuid"
  packages = ["."]
  revision = "179d4d0c4d8d407a32af483c2354df1d2c91e6c3"

[[projects]]
  branch = "master"
  name = "github.com/pebbe/zmq4"
  packages = ["."]
  revision = "90d69e412a09549f2e90bac70fbb449081f1e5c1"

[[projects]]
  branch = "master"
  name = "github.com/peterh/liner"
  packages = ["."]
  revision = "80ce870644db1b043e8dc2cf836bde5c347e2701"

[solve-meta]
  analyzer-name = "dep"
  analyzer-version = 1
  inputs-digest = "278a5cfd4bdde672d425015cdbfbac9755a236e1644cfd16042e8b836a880272"
  solver-name = "gps-cdcl"
  solver-version = 1
